{
  "lockfile_version": "1",
  "packages": {
    "biome@2.3.9": {
      "last_modified": "2025-12-19T06:18:24Z",
      "resolved": "github:NixOS/nixpkgs/7d853e518814cca2a657b72eeba67ae20ebf7059#biome",
      "source": "devbox-search",
      "version": "2.3.9",
      "systems": {
        "aarch64-darwin": {
          "outputs": [
            {
              "name": "out",
              "path": "/nix/store/6zjwzfpnrrrylnc6z4dkphchczqrg7si-biome-2.3.9",
              "default": true
            }
          ],
          "store_path": "/nix/store/6zjwzfpnrrrylnc6z4dkphchczqrg7si-biome-2.3.9"
        },
        "aarch64-linux": {
          "outputs": [
            {
              "name": "out",
              "path": "/nix/store/c8ww295qgw5iv1777mbcnwcx6r8l1nan-biome-2.3.9",
              "default": true
            }
          ],
          "store_path": "/nix/store/c8ww295qgw5iv1777mbcnwcx6r8l1nan-biome-2.3.9"
        },
        "x86_64-darwin": {
          "outputs": [
            {
              "name": "out",
              "path": "/nix/store/kiqn7hs5nzyzwaq4grma53rd79kxq85c-biome-2.3.9",
              "default": true
            }
          ],
          "store_path": "/nix/store/kiqn7hs5nzyzwaq4grma53rd79kxq85c-biome-2.3.9"
        },
        "x86_64-linux": {
          "outputs": [
            {
              "name": "out",
              "path": "/nix/store/klgz2cz59qdgf6xs9ngbpfa7xs2chk1z-biome-2.3.9",
              "default": true
            }
          ],
          "store_path": "/nix/store/klgz2cz59qdgf6xs9ngbpfa7xs2chk1z-biome-2.3.9"
        }
      }
    },
    "github:NixOS/nixpkgs/nixpkgs-unstable": {
      "last_modified": "2025-12-11T12:49:49Z",
      "resolved": "github:NixOS/nixpkgs/f997fa0f94fb1ce55bccb97f60d41412ae8fde4c?lastModified=1765457389&narHash=sha256-ddhDtNYvleZeYF7g7TRFSmuQuZh7HCgqstg5YBGwo5s%3D"
    }
  }
}
