{
  "lockfile_version": "1",
  "packages": {
    "biome@2.5.9": {
      "last_modified": "2026-08-27T07:16:00Z",
      "resolved": "github:NixOS/nixpkgs/c27cdad491a991b11ed731760aa2ef8db0cb0410#biome",
      "source": "devbox-search",
      "version": "2.5.9",
      "systems": {
        "aarch64-darwin": {
          "outputs": [
            {
              "name": "out",
              "path": "/nix/store/rm557s7rai2hd5ql9rxgxsa4v8kv7h8h-biome-2.5.9",
              "default": true
            }
          ],
          "store_path": "/nix/store/rm557s7rai2hd5ql9rxgxsa4v8kv7h8h-biome-2.5.9"
        },
        "aarch64-linux": {
          "outputs": [
            {
              "name": "out",
              "path": "/nix/store/sq6kxgni8ydfi50j2lr5gxdvrslnisml-biome-2.5.9",
              "default": true
            }
          ],
          "store_path": "/nix/store/sq6kxgni8ydfi50j2lr5gxdvrslnisml-biome-2.5.9"
        },
        "x86_64-linux": {
          "outputs": [
            {
              "name": "out",
              "path": "/nix/store/i187hqg1q9nk0n90wh0x7w7bmd4y9z2m-biome-2.5.9",
              "default": true
            }
          ],
          "store_path": "/nix/store/i187hqg1q9nk0n90wh0x7w7bmd4y9z2m-biome-2.5.9"
        }
      }
    },
    "github:NixOS/nixpkgs/nixpkgs-unstable": {
      "last_modified": "2025-12-11T12:49:49Z",
      "resolved": "github:NixOS/nixpkgs/f997fa0f94fb1ce55bccb97f60d41412ae8fde4c?lastModified=1765457389&narHash=sha256-ddhDtNYvleZeYF7g7TRFSmuQuZh7HCgqstg5YBGwo5s%3D"
    }
  }
}
