{
  "lockfile_version": "1",
  "packages": {
    "biome@2.5.6": {
      "last_modified": "2026-08-05T07:53:23Z",
      "resolved": "github:NixOS/nixpkgs/3a971fa2e67dcb0f2f2cfed2d37e7956567d73d1#biome",
      "source": "devbox-search",
      "version": "2.5.6",
      "systems": {
        "aarch64-darwin": {
          "outputs": [
            {
              "name": "out",
              "path": "/nix/store/v7z492b8pf48pyf9lri9fa0wjbvvfxbh-biome-2.5.6",
              "default": true
            }
          ],
          "store_path": "/nix/store/v7z492b8pf48pyf9lri9fa0wjbvvfxbh-biome-2.5.6"
        },
        "aarch64-linux": {
          "outputs": [
            {
              "name": "out",
              "path": "/nix/store/ql2sljgih3mm9dapgg19mgcg5wwqgvyq-biome-2.5.6",
              "default": true
            }
          ],
          "store_path": "/nix/store/ql2sljgih3mm9dapgg19mgcg5wwqgvyq-biome-2.5.6"
        },
        "x86_64-linux": {
          "outputs": [
            {
              "name": "out",
              "path": "/nix/store/31p0i592hjg4wbkb7hv0ig9vqahr1k68-biome-2.5.6",
              "default": true
            }
          ],
          "store_path": "/nix/store/31p0i592hjg4wbkb7hv0ig9vqahr1k68-biome-2.5.6"
        }
      }
    },
    "github:NixOS/nixpkgs/nixpkgs-unstable": {
      "last_modified": "2025-12-11T12:49:49Z",
      "resolved": "github:NixOS/nixpkgs/f997fa0f94fb1ce55bccb97f60d41412ae8fde4c?lastModified=1765457389&narHash=sha256-ddhDtNYvleZeYF7g7TRFSmuQuZh7HCgqstg5YBGwo5s%3D"
    }
  }
}
